github.com/tralexa/go-mod1 v1.1.0 h1:QAkxgHP2niOv1trbangf/JD+SZPPpE/RX/p0EPhHYMs=
github.com/tralexa/go-mod1 v1.1.0/go.mod h1:2YvvK7PxaHUjtvvgYGhYqkjD3iWDGQNg+njlJlshGCE=
github.com/tralexa/go-mod1 v1.2.0 h1:w0Ds52pxZFuklsUQfRpF+uhFa5tImYCwr/j++HbuJs0=
github.com/tralexa/go-mod1 v1.2.0/go.mod h1:2YvvK7PxaHUjtvvgYGhYqkjD3iWDGQNg+njlJlshGCE=
github.com/tralexa/go-mod1 v1.4.0 h1:6hx2JV9vtxDF+VrsM3ruHGnWkmA4+r4nxUg4eurSEGo=
github.com/tralexa/go-mod1 v1.4.0/go.mod h1:2YvvK7PxaHUjtvvgYGhYqkjD3iWDGQNg+njlJlshGCE=
